<?xml version="1.0" encoding="utf-8"?>
<Project ToolsVersion="4.0" xmlns="http://schemas.microsoft.com/developer/msbuild/2003">
  <ItemGroup>
    <ClCompile Include="deleteme.cpp" />
    <ClCompile Include="src\nfPlatformMath.cpp" />
    <ClCompile Include="src\nfPlatformMathIndependent.cpp" />
  </ItemGroup>
  <ItemGroup>
    <ClInclude Include="include\nfMath.h" />
    <ClInclude Include="include\nfPlatformDefines.h" />
    <ClInclude Include="include\nfPlatformMath.h" />
    <ClInclude Include="include\nfPlatformTypes.h" />
    <ClInclude Include="include\nfPrerequisitesUtilities.h" />
    <ClInclude Include="include\nfSTDHeaders.h" />
  </ItemGroup>
</Project>